
Microsoft Visual Studio Solution File, Format Version 12.00
# Visual Studio 14
VisualStudioVersion = 14.0.24720.0
MinimumVisualStudioVersion = 10.0.40219.1
Project("{FAE04EC0-301F-11D3-BF4B-00C04F79EFBC}") = "AnalyzeLibrary", "AnalyzeLibrary\AnalyzeLibrary.csproj", "{097754B1-D6D6-46EC-BA58-F8ED8B98A4C1}"
EndProject
Project("{FAE04EC0-301F-11D3-BF4B-00C04F79EFBC}") = "AnalyzeLibraryTests", "AnalyzeLibraryTests\AnalyzeLibraryTests.csproj", "{DDB1DBFC-F4AF-4670-B4DE-5B2C6A6005E8}"
EndProject
Project("{FAE04EC0-301F-11D3-BF4B-00C04F79EFBC}") = "AnalyzeForm", "AnalyzeForm\AnalyzeForm.csproj", "{4E7AC359-E343-4775-9CEC-9060B444A892}"
EndProject
Global
	GlobalSection(SolutionConfigurationPlatforms) = preSolution
		Debug|Any CPU = Debug|Any CPU
		Release|Any CPU = Release|Any CPU
	EndGlobalSection
	GlobalSection(ProjectConfigurationPlatforms) = postSolution
		{097754B1-D6D6-46EC-BA58-F8ED8B98A4C1}.Debug|Any CPU.ActiveCfg = Debug|Any CPU
		{097754B1-D6D6-46EC-BA58-F8ED8B98A4C1}.Debug|Any CPU.Build.0 = Debug|Any CPU
		{097754B1-D6D6-46EC-BA58-F8ED8B98A4C1}.Release|Any CPU.ActiveCfg = Release|Any CPU
		{097754B1-D6D6-46EC-BA58-F8ED8B98A4C1}.Release|Any CPU.Build.0 = Release|Any CPU
		{DDB1DBFC-F4AF-4670-B4DE-5B2C6A6005E8}.Debug|Any CPU.ActiveCfg = Debug|Any CPU
		{DDB1DBFC-F4AF-4670-B4DE-5B2C6A6005E8}.Debug|Any CPU.Build.0 = Debug|Any CPU
		{DDB1DBFC-F4AF-4670-B4DE-5B2C6A6005E8}.Release|Any CPU.ActiveCfg = Release|Any CPU
		{DDB1DBFC-F4AF-4670-B4DE-5B2C6A6005E8}.Release|Any CPU.Build.0 = Release|Any CPU
		{4E7AC359-E343-4775-9CEC-9060B444A892}.Debug|Any CPU.ActiveCfg = Debug|Any CPU
		{4E7AC359-E343-4775-9CEC-9060B444A892}.Debug|Any CPU.Build.0 = Debug|Any CPU
		{4E7AC359-E343-4775-9CEC-9060B444A892}.Release|Any CPU.ActiveCfg = Release|Any CPU
		{4E7AC359-E343-4775-9CEC-9060B444A892}.Release|Any CPU.Build.0 = Release|Any CPU
	EndGlobalSection
	GlobalSection(SolutionProperties) = preSolution
		HideSolutionNode = FALSE
	EndGlobalSection
EndGlobal
